// !$*UTF8*$!
{
	archiveVersion = 1;
	classes = {
	};
	objectVersion = 55;
	objects = {

/* Begin PBXBuildFile section */
		9770806727A70DF80074452A /* VkNewsFeedView.swift in Sources */ = {isa = PBXBuildFile; fileRef = 9770806627A70DF80074452A /* VkNewsFeedView.swift */; };
		979AC67427A1E1AE00DEB592 /* UserCellView.swift in Sources */ = {isa = PBXBuildFile; fileRef = 979AC67327A1E1AE00DEB592 /* UserCellView.swift */; };
		979AC67727A1E34300DEB592 /* CircleImage.swift in Sources */ = {isa = PBXBuildFile; fileRef = 979AC67627A1E34300DEB592 /* CircleImage.swift */; };
		979AC67927A1EF1A00DEB592 /* GroupCellView.swift in Sources */ = {isa = PBXBuildFile; fileRef = 979AC67827A1EF1A00DEB592 /* GroupCellView.swift */; };
		97E51B6627A3E16800EAF644 /* VkButton.swift in Sources */ = {isa = PBXBuildFile; fileRef = 97E51B6527A3E16800EAF644 /* VkButton.swift */; };
		97E51B6827A3E55800EAF644 /* VkMainView.swift in Sources */ = {isa = PBXBuildFile; fileRef = 97E51B6727A3E55800EAF644 /* VkMainView.swift */; };
		97E51B6A27A3EAEA00EAF644 /* VkFriendListView.swift in Sources */ = {isa = PBXBuildFile; fileRef = 97E51B6927A3EAEA00EAF644 /* VkFriendListView.swift */; };
		97E51B6D27A3EB6900EAF644 /* Friend.swift in Sources */ = {isa = PBXBuildFile; fileRef = 97E51B6C27A3EB6900EAF644 /* Friend.swift */; };
		97E51B6F27A3EBC600EAF644 /* Group.swift in Sources */ = {isa = PBXBuildFile; fileRef = 97E51B6E27A3EBC600EAF644 /* Group.swift */; };
		97E51B7127A3EBF800EAF644 /* News.swift in Sources */ = {isa = PBXBuildFile; fileRef = 97E51B7027A3EBF800EAF644 /* News.swift */; };
		97E51B7327A3EC2C00EAF644 /* PhotoGallery.swift in Sources */ = {isa = PBXBuildFile; fileRef = 97E51B7227A3EC2C00EAF644 /* PhotoGallery.swift */; };
		97E51B7527A3F85600EAF644 /* VkGroupListView.swift in Sources */ = {isa = PBXBuildFile; fileRef = 97E51B7427A3F85600EAF644 /* VkGroupListView.swift */; };
		97E51B7727A4329D00EAF644 /* VkFriendDetailView.swift in Sources */ = {isa = PBXBuildFile; fileRef = 97E51B7627A4329D00EAF644 /* VkFriendDetailView.swift */; };
		97F6E4D5279A123D004B6473 /* vkApp.swift in Sources */ = {isa = PBXBuildFile; fileRef = 97F6E4D4279A123D004B6473 /* vkApp.swift */; };
		97F6E4D7279A123D004B6473 /* VkLoginView.swift in Sources */ = {isa = PBXBuildFile; fileRef = 97F6E4D6279A123D004B6473 /* VkLoginView.swift */; };
		97F6E4D9279A123F004B6473 /* Assets.xcassets in Resources */ = {isa = PBXBuildFile; fileRef = 97F6E4D8279A123F004B6473 /* Assets.xcassets */; };
		97F6E4DC279A123F004B6473 /* Preview Assets.xcassets in Resources */ = {isa = PBXBuildFile; fileRef = 97F6E4DB279A123F004B6473 /* Preview Assets.xcassets */; };
/* End PBXBuildFile section */

/* Begin PBXFileReference section */
		9770806627A70DF80074452A /* VkNewsFeedView.swift */ = {isa = PBXFileReference; lastKnownFileType = sourcecode.swift; path = VkNewsFeedView.swift; sourceTree = "<group>"; };
		979AC67327A1E1AE00DEB592 /* UserCellView.swift */ = {isa = PBXFileReference; lastKnownFileType = sourcecode.swift; path = UserCellView.swift; sourceTree = "<group>"; };
		979AC67627A1E34300DEB592 /* CircleImage.swift */ = {isa = PBXFileReference; lastKnownFileType = sourcecode.swift; path = CircleImage.swift; sourceTree = "<group>"; };
		979AC67827A1EF1A00DEB592 /* GroupCellView.swift */ = {isa = PBXFileReference; lastKnownFileType = sourcecode.swift; path = GroupCellView.swift; sourceTree = "<group>"; };
		97E51B6527A3E16800EAF644 /* VkButton.swift */ = {isa = PBXFileReference; lastKnownFileType = sourcecode.swift; path = VkButton.swift; sourceTree = "<group>"; };
		97E51B6727A3E55800EAF644 /* VkMainView.swift */ = {isa = PBXFileReference; lastKnownFileType = sourcecode.swift; path = VkMainView.swift; sourceTree = "<group>"; };
		97E51B6927A3EAEA00EAF644 /* VkFriendListView.swift */ = {isa = PBXFileReference; lastKnownFileType = sourcecode.swift; path = VkFriendListView.swift; sourceTree = "<group>"; };
		97E51B6C27A3EB6900EAF644 /* Friend.swift */ = {isa = PBXFileReference; lastKnownFileType = sourcecode.swift; path = Friend.swift; sourceTree = "<group>"; };
		97E51B6E27A3EBC600EAF644 /* Group.swift */ = {isa = PBXFileReference; fileEncoding = 4; lastKnownFileType = sourcecode.swift; path = Group.swift; sourceTree = "<group>"; };
		97E51B7027A3EBF800EAF644 /* News.swift */ = {isa = PBXFileReference; fileEncoding = 4; lastKnownFileType = sourcecode.swift; path = News.swift; sourceTree = "<group>"; };
		97E51B7227A3EC2C00EAF644 /* PhotoGallery.swift */ = {isa = PBXFileReference; fileEncoding = 4; lastKnownFileType = sourcecode.swift; path = PhotoGallery.swift; sourceTree = "<group>"; };
		97E51B7427A3F85600EAF644 /* VkGroupListView.swift */ = {isa = PBXFileReference; lastKnownFileType = sourcecode.swift; path = VkGroupListView.swift; sourceTree = "<group>"; };
		97E51B7627A4329D00EAF644 /* VkFriendDetailView.swift */ = {isa = PBXFileReference; lastKnownFileType = sourcecode.swift; path = VkFriendDetailView.swift; sourceTree = "<group>"; };
		97F6E4D1279A123D004B6473 /* vk.app */ = {isa = PBXFileReference; explicitFileType = wrapper.application; includeInIndex = 0; path = vk.app; sourceTree = BUILT_PRODUCTS_DIR; };
		97F6E4D4279A123D004B6473 /* vkApp.swift */ = {isa = PBXFileReference; lastKnownFileType = sourcecode.swift; path = vkApp.swift; sourceTree = "<group>"; };
		97F6E4D6279A123D004B6473 /* VkLoginView.swift */ = {isa = PBXFileReference; lastKnownFileType = sourcecode.swift; path = VkLoginView.swift; sourceTree = "<group>"; };
		97F6E4D8279A123F004B6473 /* Assets.xcassets */ = {isa = PBXFileReference; lastKnownFileType = folder.assetcatalog; path = Assets.xcassets; sourceTree = "<group>"; };
		97F6E4DB279A123F004B6473 /* Preview Assets.xcassets */ = {isa = PBXFileReference; lastKnownFileType = folder.assetcatalog; path = "Preview Assets.xcassets"; sourceTree = "<group>"; };
/* End PBXFileReference section */

/* Begin PBXFrameworksBuildPhase section */
		97F6E4CE279A123D004B6473 /* Frameworks */ = {
			isa = PBXFrameworksBuildPhase;
			buildActionMask = 2147483647;
			files = (
			);
			runOnlyForDeploymentPostprocessing = 0;
		};
/* End PBXFrameworksBuildPhase section */

/* Begin PBXGroup section */
		9770806827A712450074452A /* HelperViews */ = {
			isa = PBXGroup;
			children = (
			);
			path = HelperViews;
			sourceTree = "<group>";
		};
		979AC67527A1E32500DEB592 /* ViewModifier */ = {
			isa = PBXGroup;
			children = (
				979AC67627A1E34300DEB592 /* CircleImage.swift */,
				97E51B6527A3E16800EAF644 /* VkButton.swift */,
			);
			path = ViewModifier;
			sourceTree = "<group>";
		};
		97E51B6B27A3EB5700EAF644 /* Models */ = {
			isa = PBXGroup;
			children = (
				97E51B7227A3EC2C00EAF644 /* PhotoGallery.swift */,
				97E51B7027A3EBF800EAF644 /* News.swift */,
				97E51B6E27A3EBC600EAF644 /* Group.swift */,
				97E51B6C27A3EB6900EAF644 /* Friend.swift */,
			);
			path = Models;
			sourceTree = "<group>";
		};
		97F6E4C8279A123D004B6473 = {
			isa = PBXGroup;
			children = (
				97F6E4D3279A123D004B6473 /* vk */,
				97F6E4D2279A123D004B6473 /* Products */,
			);
			sourceTree = "<group>";
		};
		97F6E4D2279A123D004B6473 /* Products */ = {
			isa = PBXGroup;
			children = (
				97F6E4D1279A123D004B6473 /* vk.app */,
			);
			name = Products;
			sourceTree = "<group>";
		};
		97F6E4D3279A123D004B6473 /* vk */ = {
			isa = PBXGroup;
			children = (
				9770806827A712450074452A /* HelperViews */,
				97E51B6B27A3EB5700EAF644 /* Models */,
				979AC67527A1E32500DEB592 /* ViewModifier */,
				97F6E4D4279A123D004B6473 /* vkApp.swift */,
				97F6E4D6279A123D004B6473 /* VkLoginView.swift */,
				97E51B6727A3E55800EAF644 /* VkMainView.swift */,
				979AC67327A1E1AE00DEB592 /* UserCellView.swift */,
				979AC67827A1EF1A00DEB592 /* GroupCellView.swift */,
				97F6E4D8279A123F004B6473 /* Assets.xcassets */,
				97F6E4DA279A123F004B6473 /* Preview Content */,
				97E51B6927A3EAEA00EAF644 /* VkFriendListView.swift */,
				97E51B7427A3F85600EAF644 /* VkGroupListView.swift */,
				97E51B7627A4329D00EAF644 /* VkFriendDetailView.swift */,
				9770806627A70DF80074452A /* VkNewsFeedView.swift */,
			);
			path = vk;
			sourceTree = "<group>";
		};
		97F6E4DA279A123F004B6473 /* Preview Content */ = {
			isa = PBXGroup;
			children = (
				97F6E4DB279A123F004B6473 /* Preview Assets.xcassets */,
			);
			path = "Preview Content";
			sourceTree = "<group>";
		};
/* End PBXGroup section */

/* Begin PBXNativeTarget section */
		97F6E4D0279A123D004B6473 /* vk */ = {
			isa = PBXNativeTarget;
			buildConfigurationList = 97F6E4DF279A123F004B6473 /* Build configuration list for PBXNativeTarget "vk" */;
			buildPhases = (
				97F6E4CD279A123D004B6473 /* Sources */,
				97F6E4CE279A123D004B6473 /* Frameworks */,
				97F6E4CF279A123D004B6473 /* Resources */,
			);
			buildRules = (
			);
			dependencies = (
			);
			name = vk;
			productName = vk;
			productReference = 97F6E4D1279A123D004B6473 /* vk.app */;
			productType = "com.apple.product-type.application";
		};
/* End PBXNativeTarget section */

/* Begin PBXProject section */
		97F6E4C9279A123D004B6473 /* Project object */ = {
			isa = PBXProject;
			attributes = {
				BuildIndependentTargetsInParallel = 1;
				LastSwiftUpdateCheck = 1320;
				LastUpgradeCheck = 1320;
				TargetAttributes = {
					97F6E4D0279A123D004B6473 = {
						CreatedOnToolsVersion = 13.2.1;
					};
				};
			};
			buildConfigurationList = 97F6E4CC279A123D004B6473 /* Build configuration list for PBXProject "vk" */;
			compatibilityVersion = "Xcode 13.0";
			developmentRegion = en;
			hasScannedForEncodings = 0;
			knownRegions = (
				en,
				Base,
			);
			mainGroup = 97F6E4C8279A123D004B6473;
			productRefGroup = 97F6E4D2279A123D004B6473 /* Products */;
			projectDirPath = "";
			projectRoot = "";
			targets = (
				97F6E4D0279A123D004B6473 /* vk */,
			);
		};
/* End PBXProject section */

/* Begin PBXResourcesBuildPhase section */
		97F6E4CF279A123D004B6473 /* Resources */ = {
			isa = PBXResourcesBuildPhase;
			buildActionMask = 2147483647;
			files = (
				97F6E4DC279A123F004B6473 /* Preview Assets.xcassets in Resources */,
				97F6E4D9279A123F004B6473 /* Assets.xcassets in Resources */,
			);
			runOnlyForDeploymentPostprocessing = 0;
		};
/* End PBXResourcesBuildPhase section */

/* Begin PBXSourcesBuildPhase section */
		97F6E4CD279A123D004B6473 /* Sources */ = {
			isa = PBXSourcesBuildPhase;
			buildActionMask = 2147483647;
			files = (
				97E51B7527A3F85600EAF644 /* VkGroupListView.swift in Sources */,
				97E51B6627A3E16800EAF644 /* VkButton.swift in Sources */,
				97E51B6A27A3EAEA00EAF644 /* VkFriendListView.swift in Sources */,
				97E51B6827A3E55800EAF644 /* VkMainView.swift in Sources */,
				97E51B7327A3EC2C00EAF644 /* PhotoGallery.swift in Sources */,
				97E51B6F27A3EBC600EAF644 /* Group.swift in Sources */,
				9770806727A70DF80074452A /* VkNewsFeedView.swift in Sources */,
				97E51B7727A4329D00EAF644 /* VkFriendDetailView.swift in Sources */,
				97F6E4D7279A123D004B6473 /* VkLoginView.swift in Sources */,
				979AC67727A1E34300DEB592 /* CircleImage.swift in Sources */,
				97E51B7127A3EBF800EAF644 /* News.swift in Sources */,
				979AC67427A1E1AE00DEB592 /* UserCellView.swift in Sources */,
				97E51B6D27A3EB6900EAF644 /* Friend.swift in Sources */,
				97F6E4D5279A123D004B6473 /* vkApp.swift in Sources */,
				979AC67927A1EF1A00DEB592 /* GroupCellView.swift in Sources */,
			);
			runOnlyForDeploymentPostprocessing = 0;
		};
/* End PBXSourcesBuildPhase section */

/* Begin XCBuildConfiguration section */
		97F6E4DD279A123F004B6473 /* Debug */ = {
			isa = XCBuildConfiguration;
			buildSettings = {
				ALWAYS_SEARCH_USER_PATHS = NO;
				CLANG_ANALYZER_NONNULL = YES;
				CLANG_ANALYZER_NUMBER_OBJECT_CONVERSION = YES_AGGRESSIVE;
				CLANG_CXX_LANGUAGE_STANDARD = "gnu++17";
				CLANG_CXX_LIBRARY = "libc++";
				CLANG_ENABLE_MODULES = YES;
				CLANG_ENABLE_OBJC_ARC = YES;
				CLANG_ENABLE_OBJC_WEAK = YES;
				CLANG_WARN_BLOCK_CAPTURE_AUTORELEASING = YES;
				CLANG_WARN_BOOL_CONVERSION = YES;
				CLANG_WARN_COMMA = YES;
				CLANG_WARN_CONSTANT_CONVERSION = YES;
				CLANG_WARN_DEPRECATED_OBJC_IMPLEMENTATIONS = YES;
				CLANG_WARN_DIRECT_OBJC_ISA_USAGE = YES_ERROR;
				CLANG_WARN_DOCUMENTATION_COMMENTS = YES;
				CLANG_WARN_EMPTY_BODY = YES;
				CLANG_WARN_ENUM_CONVERSION = YES;
				CLANG_WARN_INFINITE_RECURSION = YES;
				CLANG_WARN_INT_CONVERSION = YES;
				CLANG_WARN_NON_LITERAL_NULL_CONVERSION = YES;
				CLANG_WARN_OBJC_IMPLICIT_RETAIN_SELF = YES;
				CLANG_WARN_OBJC_LITERAL_CONVERSION = YES;
				CLANG_WARN_OBJC_ROOT_CLASS = YES_ERROR;
				CLANG_WARN_QUOTED_INCLUDE_IN_FRAMEWORK_HEADER = YES;
				CLANG_WARN_RANGE_LOOP_ANALYSIS = YES;
				CLANG_WARN_STRICT_PROTOTYPES = YES;
				CLANG_WARN_SUSPICIOUS_MOVE = YES;
				CLANG_WARN_UNGUARDED_AVAILABILITY = YES_AGGRESSIVE;
				CLANG_WARN_UNREACHABLE_CODE = YES;
				CLANG_WARN__DUPLICATE_METHOD_MATCH = YES;
				COPY_PHASE_STRIP = NO;
				DEBUG_INFORMATION_FORMAT = dwarf;
				ENABLE_STRICT_OBJC_MSGSEND = YES;
				ENABLE_TESTABILITY = YES;
				GCC_C_LANGUAGE_STANDARD = gnu11;
				GCC_DYNAMIC_NO_PIC = NO;
				GCC_NO_COMMON_BLOCKS = YES;
				GCC_OPTIMIZATION_LEVEL = 0;
				GCC_PREPROCESSOR_DEFINITIONS = (
					"DEBUG=1",
					"$(inherited)",
				);
				GCC_WARN_64_TO_32_BIT_CONVERSION = YES;
				GCC_WARN_ABOUT_RETURN_TYPE = YES_ERROR;
				GCC_WARN_UNDECLARED_SELECTOR = YES;
				GCC_WARN_UNINITIALIZED_AUTOS = YES_AGGRESSIVE;
				GCC_WARN_UNUSED_FUNCTION = YES;
				GCC_WARN_UNUSED_VARIABLE = YES;
				IPHONEOS_DEPLOYMENT_TARGET = 15.2;
				MTL_ENABLE_DEBUG_INFO = INCLUDE_SOURCE;
				MTL_FAST_MATH = YES;
				ONLY_ACTIVE_ARCH = YES;
				SDKROOT = iphoneos;
				SWIFT_ACTIVE_COMPILATION_CONDITIONS = DEBUG;
				SWIFT_OPTIMIZATION_LEVEL = "-Onone";
			};
			name = Debug;
		};
		97F6E4DE279A123F004B6473 /* Release */ = {
			isa = XCBuildConfiguration;
			buildSettings = {
				ALWAYS_SEARCH_USER_PATHS = NO;
				CLANG_ANALYZER_NONNULL = YES;
				CLANG_ANALYZER_NUMBER_OBJECT_CONVERSION = YES_AGGRESSIVE;
				CLANG_CXX_LANGUAGE_STANDARD = "gnu++17";
				CLANG_CXX_LIBRARY = "libc++";
				CLANG_ENABLE_MODULES = YES;
				CLANG_ENABLE_OBJC_ARC = YES;
				CLANG_ENABLE_OBJC_WEAK = YES;
				CLANG_WARN_BLOCK_CAPTURE_AUTORELEASING = YES;
				CLANG_WARN_BOOL_CONVERSION = YES;
				CLANG_WARN_COMMA = YES;
				CLANG_WARN_CONSTANT_CONVERSION = YES;
				CLANG_WARN_DEPRECATED_OBJC_IMPLEMENTATIONS = YES;
				CLANG_WARN_DIRECT_OBJC_ISA_USAGE = YES_ERROR;
				CLANG_WARN_DOCUMENTATION_COMMENTS = YES;
				CLANG_WARN_EMPTY_BODY = YES;
				CLANG_WARN_ENUM_CONVERSION = YES;
				CLANG_WARN_INFINITE_RECURSION = YES;
				CLANG_WARN_INT_CONVERSION = YES;
				CLANG_WARN_NON_LITERAL_NULL_CONVERSION = YES;
				CLANG_WARN_OBJC_IMPLICIT_RETAIN_SELF = YES;
				CLANG_WARN_OBJC_LITERAL_CONVERSION = YES;
				CLANG_WARN_OBJC_ROOT_CLASS = YES_ERROR;
				CLANG_WARN_QUOTED_INCLUDE_IN_FRAMEWORK_HEADER = YES;
				CLANG_WARN_RANGE_LOOP_ANALYSIS = YES;
				CLANG_WARN_STRICT_PROTOTYPES = YES;
				CLANG_WARN_SUSPICIOUS_MOVE = YES;
				CLANG_WARN_UNGUARDED_AVAILABILITY = YES_AGGRESSIVE;
				CLANG_WARN_UNREACHABLE_CODE = YES;
				CLANG_WARN__DUPLICATE_METHOD_MATCH = YES;
				COPY_PHASE_STRIP = NO;
				DEBUG_INFORMATION_FORMAT = "dwarf-with-dsym";
				ENABLE_NS_ASSERTIONS = NO;
				ENABLE_STRICT_OBJC_MSGSEND = YES;
				GCC_C_LANGUAGE_STANDARD = gnu11;
				GCC_NO_COMMON_BLOCKS = YES;
				GCC_WARN_64_TO_32_BIT_CONVERSION = YES;
				GCC_WARN_ABOUT_RETURN_TYPE = YES_ERROR;
				GCC_WARN_UNDECLARED_SELECTOR = YES;
				GCC_WARN_UNINITIALIZED_AUTOS = YES_AGGRESSIVE;
				GCC_WARN_UNUSED_FUNCTION = YES;
				GCC_WARN_UNUSED_VARIABLE = YES;
				IPHONEOS_DEPLOYMENT_TARGET = 15.2;
				MTL_ENABLE_DEBUG_INFO = NO;
				MTL_FAST_MATH = YES;
				SDKROOT = iphoneos;
				SWIFT_COMPILATION_MODE = wholemodule;
				SWIFT_OPTIMIZATION_LEVEL = "-O";
				VALIDATE_PRODUCT = YES;
			};
			name = Release;
		};
		97F6E4E0279A123F004B6473 /* Debug */ = {
			isa = XCBuildConfiguration;
			buildSettings = {
				ASSETCATALOG_COMPILER_APPICON_NAME = AppIcon;
				ASSETCATALOG_COMPILER_GLOBAL_ACCENT_COLOR_NAME = AccentColor;
				CODE_SIGN_STYLE = Automatic;
				CURRENT_PROJECT_VERSION = 1;
				DEVELOPMENT_ASSET_PATHS = "\"vk/Preview Content\"";
				DEVELOPMENT_TEAM = L3G97V4UX6;
				ENABLE_PREVIEWS = YES;
				GENERATE_INFOPLIST_FILE = YES;
				INFOPLIST_KEY_UIApplicationSceneManifest_Generation = YES;
				INFOPLIST_KEY_UIApplicationSupportsIndirectInputEvents = YES;
				INFOPLIST_KEY_UILaunchScreen_Generation = YES;
				INFOPLIST_KEY_UISupportedInterfaceOrientations_iPad = "UIInterfaceOrientationPortrait UIInterfaceOrientationPortraitUpsideDown UIInterfaceOrientationLandscapeLeft UIInterfaceOrientationLandscapeRight";
				INFOPLIST_KEY_UISupportedInterfaceOrientations_iPhone = "UIInterfaceOrientationPortrait UIInterfaceOrientationLandscapeLeft UIInterfaceOrientationLandscapeRight";
				LD_RUNPATH_SEARCH_PATHS = (
					"$(inherited)",
					"@executable_path/Frameworks",
				);
				MARKETING_VERSION = 1.0;
				PRODUCT_BUNDLE_IDENTIFIER = kozhemin.vk;
				PRODUCT_NAME = "$(TARGET_NAME)";
				SWIFT_EMIT_LOC_STRINGS = YES;
				SWIFT_VERSION = 5.0;
				TARGETED_DEVICE_FAMILY = "1,2";
			};
			name = Debug;
		};
		97F6E4E1279A123F004B6473 /* Release */ = {
			isa = XCBuildConfiguration;
			buildSettings = {
				ASSETCATALOG_COMPILER_APPICON_NAME = AppIcon;
				ASSETCATALOG_COMPILER_GLOBAL_ACCENT_COLOR_NAME = AccentColor;
				CODE_SIGN_STYLE = Automatic;
				CURRENT_PROJECT_VERSION = 1;
				DEVELOPMENT_ASSET_PATHS = "\"vk/Preview Content\"";
				DEVELOPMENT_TEAM = L3G97V4UX6;
				ENABLE_PREVIEWS = YES;
				GENERATE_INFOPLIST_FILE = YES;
				INFOPLIST_KEY_UIApplicationSceneManifest_Generation = YES;
				INFOPLIST_KEY_UIApplicationSupportsIndirectInputEvents = YES;
				INFOPLIST_KEY_UILaunchScreen_Generation = YES;
				INFOPLIST_KEY_UISupportedInterfaceOrientations_iPad = "UIInterfaceOrientationPortrait UIInterfaceOrientationPortraitUpsideDown UIInterfaceOrientationLandscapeLeft UIInterfaceOrientationLandscapeRight";
				INFOPLIST_KEY_UISupportedInterfaceOrientations_iPhone = "UIInterfaceOrientationPortrait UIInterfaceOrientationLandscapeLeft UIInterfaceOrientationLandscapeRight";
				LD_RUNPATH_SEARCH_PATHS = (
					"$(inherited)",
					"@executable_path/Frameworks",
				);
				MARKETING_VERSION = 1.0;
				PRODUCT_BUNDLE_IDENTIFIER = kozhemin.vk;
				PRODUCT_NAME = "$(TARGET_NAME)";
				SWIFT_EMIT_LOC_STRINGS = YES;
				SWIFT_VERSION = 5.0;
				TARGETED_DEVICE_FAMILY = "1,2";
			};
			name = Release;
		};
/* End XCBuildConfiguration section */

/* Begin XCConfigurationList section */
		97F6E4CC279A123D004B6473 /* Build configuration list for PBXProject "vk" */ = {
			isa = XCConfigurationList;
			buildConfigurations = (
				97F6E4DD279A123F004B6473 /* Debug */,
				97F6E4DE279A123F004B6473 /* Release */,
			);
			defaultConfigurationIsVisible = 0;
			defaultConfigurationName = Release;
		};
		97F6E4DF279A123F004B6473 /* Build configuration list for PBXNativeTarget "vk" */ = {
			isa = XCConfigurationList;
			buildConfigurations = (
				97F6E4E0279A123F004B6473 /* Debug */,
				97F6E4E1279A123F004B6473 /* Release */,
			);
			defaultConfigurationIsVisible = 0;
			defaultConfigurationName = Release;
		};
/* End XCConfigurationList section */
	};
	rootObject = 97F6E4C9279A123D004B6473 /* Project object */;
}
